// !$*UTF8*$!
{
	archiveVersion = 1;
	classes = {
	};
	objectVersion = 56;
	objects = {

/* Begin PBXBuildFile section */
		9242A4002C2A558500025B66 /* WWGuidesApp.swift in Sources */ = {isa = PBXBuildFile; fileRef = 9242A3FF2C2A558500025B66 /* WWGuidesApp.swift */; };
		9242A4022C2A558500025B66 /* ContentView.swift in Sources */ = {isa = PBXBuildFile; fileRef = 9242A4012C2A558500025B66 /* ContentView.swift */; };
		9242A4042C2A558700025B66 /* Assets.xcassets in Resources */ = {isa = PBXBuildFile; fileRef = 9242A4032C2A558700025B66 /* Assets.xcassets */; };
		9242A4072C2A558700025B66 /* Preview Assets.xcassets in Resources */ = {isa = PBXBuildFile; fileRef = 9242A4062C2A558700025B66 /* Preview Assets.xcassets */; };
		9242A4122C2A8FE500025B66 /* GoogleService-Info.plist in Resources */ = {isa = PBXBuildFile; fileRef = 9242A4112C2A8FE500025B66 /* GoogleService-Info.plist */; };
		9242A4142C2A919300025B66 /* AppDelegate.swift in Sources */ = {isa = PBXBuildFile; fileRef = 9242A4132C2A919300025B66 /* AppDelegate.swift */; };
		9242A4172C2A927F00025B66 /* FirebaseAnalytics in Frameworks */ = {isa = PBXBuildFile; productRef = 9242A4162C2A927F00025B66 /* FirebaseAnalytics */; };
		9242A4192C2A927F00025B66 /* FirebaseAnalyticsOnDeviceConversion in Frameworks */ = {isa = PBXBuildFile; productRef = 9242A4182C2A927F00025B66 /* FirebaseAnalyticsOnDeviceConversion */; };
		9242A41B2C2A927F00025B66 /* FirebaseAnalyticsSwift in Frameworks */ = {isa = PBXBuildFile; productRef = 9242A41A2C2A927F00025B66 /* FirebaseAnalyticsSwift */; };
		9242A41D2C2A927F00025B66 /* FirebaseAnalyticsWithoutAdIdSupport in Frameworks */ = {isa = PBXBuildFile; productRef = 9242A41C2C2A927F00025B66 /* FirebaseAnalyticsWithoutAdIdSupport */; };
		9242A41F2C2A927F00025B66 /* FirebaseAppCheck in Frameworks */ = {isa = PBXBuildFile; productRef = 9242A41E2C2A927F00025B66 /* FirebaseAppCheck */; };
		9242A4212C2A927F00025B66 /* FirebaseAppDistribution-Beta in Frameworks */ = {isa = PBXBuildFile; productRef = 9242A4202C2A927F00025B66 /* FirebaseAppDistribution-Beta */; };
		9242A4232C2A927F00025B66 /* FirebaseAuth in Frameworks */ = {isa = PBXBuildFile; productRef = 9242A4222C2A927F00025B66 /* FirebaseAuth */; };
		9242A4252C2A927F00025B66 /* FirebaseAuthCombine-Community in Frameworks */ = {isa = PBXBuildFile; productRef = 9242A4242C2A927F00025B66 /* FirebaseAuthCombine-Community */; };
		9242A4272C2A927F00025B66 /* FirebaseCrashlytics in Frameworks */ = {isa = PBXBuildFile; productRef = 9242A4262C2A927F00025B66 /* FirebaseCrashlytics */; };
		9242A4292C2A927F00025B66 /* FirebaseDatabase in Frameworks */ = {isa = PBXBuildFile; productRef = 9242A4282C2A927F00025B66 /* FirebaseDatabase */; };
		9242A42B2C2A927F00025B66 /* FirebaseDatabaseSwift in Frameworks */ = {isa = PBXBuildFile; productRef = 9242A42A2C2A927F00025B66 /* FirebaseDatabaseSwift */; };
		9242A42D2C2A927F00025B66 /* FirebaseDynamicLinks in Frameworks */ = {isa = PBXBuildFile; productRef = 9242A42C2C2A927F00025B66 /* FirebaseDynamicLinks */; };
		9242A42F2C2A927F00025B66 /* FirebaseFirestore in Frameworks */ = {isa = PBXBuildFile; productRef = 9242A42E2C2A927F00025B66 /* FirebaseFirestore */; };
		9242A4312C2A927F00025B66 /* FirebaseFirestoreCombine-Community in Frameworks */ = {isa = PBXBuildFile; productRef = 9242A4302C2A927F00025B66 /* FirebaseFirestoreCombine-Community */; };
		9242A4332C2A927F00025B66 /* FirebaseFirestoreSwift in Frameworks */ = {isa = PBXBuildFile; productRef = 9242A4322C2A927F00025B66 /* FirebaseFirestoreSwift */; };
		9242A4352C2A927F00025B66 /* FirebaseFunctions in Frameworks */ = {isa = PBXBuildFile; productRef = 9242A4342C2A927F00025B66 /* FirebaseFunctions */; };
		9242A4372C2A927F00025B66 /* FirebaseFunctionsCombine-Community in Frameworks */ = {isa = PBXBuildFile; productRef = 9242A4362C2A927F00025B66 /* FirebaseFunctionsCombine-Community */; };
		9242A4392C2A927F00025B66 /* FirebaseInAppMessaging-Beta in Frameworks */ = {isa = PBXBuildFile; productRef = 9242A4382C2A927F00025B66 /* FirebaseInAppMessaging-Beta */; };
		9242A43B2C2A927F00025B66 /* FirebaseInAppMessagingSwift-Beta in Frameworks */ = {isa = PBXBuildFile; productRef = 9242A43A2C2A927F00025B66 /* FirebaseInAppMessagingSwift-Beta */; };
		9242A43D2C2A927F00025B66 /* FirebaseInstallations in Frameworks */ = {isa = PBXBuildFile; productRef = 9242A43C2C2A927F00025B66 /* FirebaseInstallations */; };
		9242A43F2C2A927F00025B66 /* FirebaseMessaging in Frameworks */ = {isa = PBXBuildFile; productRef = 9242A43E2C2A927F00025B66 /* FirebaseMessaging */; };
		9242A4412C2A927F00025B66 /* FirebaseMLModelDownloader in Frameworks */ = {isa = PBXBuildFile; productRef = 9242A4402C2A927F00025B66 /* FirebaseMLModelDownloader */; };
		9242A4432C2A927F00025B66 /* FirebasePerformance in Frameworks */ = {isa = PBXBuildFile; productRef = 9242A4422C2A927F00025B66 /* FirebasePerformance */; };
		9242A4452C2A927F00025B66 /* FirebaseRemoteConfig in Frameworks */ = {isa = PBXBuildFile; productRef = 9242A4442C2A927F00025B66 /* FirebaseRemoteConfig */; };
		9242A4472C2A927F00025B66 /* FirebaseRemoteConfigSwift in Frameworks */ = {isa = PBXBuildFile; productRef = 9242A4462C2A927F00025B66 /* FirebaseRemoteConfigSwift */; };
		9242A4492C2A927F00025B66 /* FirebaseStorage in Frameworks */ = {isa = PBXBuildFile; productRef = 9242A4482C2A927F00025B66 /* FirebaseStorage */; };
		9242A44B2C2A927F00025B66 /* FirebaseStorageCombine-Community in Frameworks */ = {isa = PBXBuildFile; productRef = 9242A44A2C2A927F00025B66 /* FirebaseStorageCombine-Community */; };
		9242A44D2C2A927F00025B66 /* FirebaseVertexAI-Preview in Frameworks */ = {isa = PBXBuildFile; productRef = 9242A44C2C2A927F00025B66 /* FirebaseVertexAI-Preview */; };
/* End PBXBuildFile section */

/* Begin PBXFileReference section */
		9242A3FC2C2A558500025B66 /* WWGuides.app */ = {isa = PBXFileReference; explicitFileType = wrapper.application; includeInIndex = 0; path = WWGuides.app; sourceTree = BUILT_PRODUCTS_DIR; };
		9242A3FF2C2A558500025B66 /* WWGuidesApp.swift */ = {isa = PBXFileReference; lastKnownFileType = sourcecode.swift; path = WWGuidesApp.swift; sourceTree = "<group>"; };
		9242A4012C2A558500025B66 /* ContentView.swift */ = {isa = PBXFileReference; lastKnownFileType = sourcecode.swift; path = ContentView.swift; sourceTree = "<group>"; };
		9242A4032C2A558700025B66 /* Assets.xcassets */ = {isa = PBXFileReference; lastKnownFileType = folder.assetcatalog; path = Assets.xcassets; sourceTree = "<group>"; };
		9242A4062C2A558700025B66 /* Preview Assets.xcassets */ = {isa = PBXFileReference; lastKnownFileType = folder.assetcatalog; path = "Preview Assets.xcassets"; sourceTree = "<group>"; };
		9242A4112C2A8FE500025B66 /* GoogleService-Info.plist */ = {isa = PBXFileReference; fileEncoding = 4; lastKnownFileType = text.plist.xml; path = "GoogleService-Info.plist"; sourceTree = "<group>"; };
		9242A4132C2A919300025B66 /* AppDelegate.swift */ = {isa = PBXFileReference; lastKnownFileType = sourcecode.swift; path = AppDelegate.swift; sourceTree = "<group>"; };
/* End PBXFileReference section */

/* Begin PBXFrameworksBuildPhase section */
		9242A3F92C2A558500025B66 /* Frameworks */ = {
			isa = PBXFrameworksBuildPhase;
			buildActionMask = 2147483647;
			files = (
				9242A4292C2A927F00025B66 /* FirebaseDatabase in Frameworks */,
				9242A4372C2A927F00025B66 /* FirebaseFunctionsCombine-Community in Frameworks */,
				9242A42F2C2A927F00025B66 /* FirebaseFirestore in Frameworks */,
				9242A41B2C2A927F00025B66 /* FirebaseAnalyticsSwift in Frameworks */,
				9242A4172C2A927F00025B66 /* FirebaseAnalytics in Frameworks */,
				9242A4192C2A927F00025B66 /* FirebaseAnalyticsOnDeviceConversion in Frameworks */,
				9242A4332C2A927F00025B66 /* FirebaseFirestoreSwift in Frameworks */,
				9242A4412C2A927F00025B66 /* FirebaseMLModelDownloader in Frameworks */,
				9242A41F2C2A927F00025B66 /* FirebaseAppCheck in Frameworks */,
				9242A41D2C2A927F00025B66 /* FirebaseAnalyticsWithoutAdIdSupport in Frameworks */,
				9242A43F2C2A927F00025B66 /* FirebaseMessaging in Frameworks */,
				9242A4232C2A927F00025B66 /* FirebaseAuth in Frameworks */,
				9242A4472C2A927F00025B66 /* FirebaseRemoteConfigSwift in Frameworks */,
				9242A4272C2A927F00025B66 /* FirebaseCrashlytics in Frameworks */,
				9242A4392C2A927F00025B66 /* FirebaseInAppMessaging-Beta in Frameworks */,
				9242A42B2C2A927F00025B66 /* FirebaseDatabaseSwift in Frameworks */,
				9242A44B2C2A927F00025B66 /* FirebaseStorageCombine-Community in Frameworks */,
				9242A4452C2A927F00025B66 /* FirebaseRemoteConfig in Frameworks */,
				9242A4352C2A927F00025B66 /* FirebaseFunctions in Frameworks */,
				9242A4212C2A927F00025B66 /* FirebaseAppDistribution-Beta in Frameworks */,
				9242A4432C2A927F00025B66 /* FirebasePerformance in Frameworks */,
				9242A4252C2A927F00025B66 /* FirebaseAuthCombine-Community in Frameworks */,
				9242A4492C2A927F00025B66 /* FirebaseStorage in Frameworks */,
				9242A43B2C2A927F00025B66 /* FirebaseInAppMessagingSwift-Beta in Frameworks */,
				9242A44D2C2A927F00025B66 /* FirebaseVertexAI-Preview in Frameworks */,
				9242A42D2C2A927F00025B66 /* FirebaseDynamicLinks in Frameworks */,
				9242A4312C2A927F00025B66 /* FirebaseFirestoreCombine-Community in Frameworks */,
				9242A43D2C2A927F00025B66 /* FirebaseInstallations in Frameworks */,
			);
			runOnlyForDeploymentPostprocessing = 0;
		};
/* End PBXFrameworksBuildPhase section */

/* Begin PBXGroup section */
		9242A3F32C2A558500025B66 = {
			isa = PBXGroup;
			children = (
				9242A4112C2A8FE500025B66 /* GoogleService-Info.plist */,
				9242A3FE2C2A558500025B66 /* WWGuides */,
				9242A3FD2C2A558500025B66 /* Products */,
				9242A4152C2A926600025B66 /* Frameworks */,
			);
			sourceTree = "<group>";
		};
		9242A3FD2C2A558500025B66 /* Products */ = {
			isa = PBXGroup;
			children = (
				9242A3FC2C2A558500025B66 /* WWGuides.app */,
			);
			name = Products;
			sourceTree = "<group>";
		};
		9242A3FE2C2A558500025B66 /* WWGuides */ = {
			isa = PBXGroup;
			children = (
				9242A3FF2C2A558500025B66 /* WWGuidesApp.swift */,
				9242A4012C2A558500025B66 /* ContentView.swift */,
				9242A4032C2A558700025B66 /* Assets.xcassets */,
				9242A4052C2A558700025B66 /* Preview Content */,
				9242A4132C2A919300025B66 /* AppDelegate.swift */,
			);
			path = WWGuides;
			sourceTree = "<group>";
		};
		9242A4052C2A558700025B66 /* Preview Content */ = {
			isa = PBXGroup;
			children = (
				9242A4062C2A558700025B66 /* Preview Assets.xcassets */,
			);
			path = "Preview Content";
			sourceTree = "<group>";
		};
		9242A4152C2A926600025B66 /* Frameworks */ = {
			isa = PBXGroup;
			children = (
			);
			name = Frameworks;
			sourceTree = "<group>";
		};
/* End PBXGroup section */

/* Begin PBXNativeTarget section */
		9242A3FB2C2A558500025B66 /* WWGuides */ = {
			isa = PBXNativeTarget;
			buildConfigurationList = 9242A40A2C2A558700025B66 /* Build configuration list for PBXNativeTarget "WWGuides" */;
			buildPhases = (
				9242A3F82C2A558500025B66 /* Sources */,
				9242A3F92C2A558500025B66 /* Frameworks */,
				9242A3FA2C2A558500025B66 /* Resources */,
			);
			buildRules = (
			);
			dependencies = (
			);
			name = WWGuides;
			packageProductDependencies = (
				9242A4162C2A927F00025B66 /* FirebaseAnalytics */,
				9242A4182C2A927F00025B66 /* FirebaseAnalyticsOnDeviceConversion */,
				9242A41A2C2A927F00025B66 /* FirebaseAnalyticsSwift */,
				9242A41C2C2A927F00025B66 /* FirebaseAnalyticsWithoutAdIdSupport */,
				9242A41E2C2A927F00025B66 /* FirebaseAppCheck */,
				9242A4202C2A927F00025B66 /* FirebaseAppDistribution-Beta */,
				9242A4222C2A927F00025B66 /* FirebaseAuth */,
				9242A4242C2A927F00025B66 /* FirebaseAuthCombine-Community */,
				9242A4262C2A927F00025B66 /* FirebaseCrashlytics */,
				9242A4282C2A927F00025B66 /* FirebaseDatabase */,
				9242A42A2C2A927F00025B66 /* FirebaseDatabaseSwift */,
				9242A42C2C2A927F00025B66 /* FirebaseDynamicLinks */,
				9242A42E2C2A927F00025B66 /* FirebaseFirestore */,
				9242A4302C2A927F00025B66 /* FirebaseFirestoreCombine-Community */,
				9242A4322C2A927F00025B66 /* FirebaseFirestoreSwift */,
				9242A4342C2A927F00025B66 /* FirebaseFunctions */,
				9242A4362C2A927F00025B66 /* FirebaseFunctionsCombine-Community */,
				9242A4382C2A927F00025B66 /* FirebaseInAppMessaging-Beta */,
				9242A43A2C2A927F00025B66 /* FirebaseInAppMessagingSwift-Beta */,
				9242A43C2C2A927F00025B66 /* FirebaseInstallations */,
				9242A43E2C2A927F00025B66 /* FirebaseMessaging */,
				9242A4402C2A927F00025B66 /* FirebaseMLModelDownloader */,
				9242A4422C2A927F00025B66 /* FirebasePerformance */,
				9242A4442C2A927F00025B66 /* FirebaseRemoteConfig */,
				9242A4462C2A927F00025B66 /* FirebaseRemoteConfigSwift */,
				9242A4482C2A927F00025B66 /* FirebaseStorage */,
				9242A44A2C2A927F00025B66 /* FirebaseStorageCombine-Community */,
				9242A44C2C2A927F00025B66 /* FirebaseVertexAI-Preview */,
			);
			productName = WWGuides;
			productReference = 9242A3FC2C2A558500025B66 /* WWGuides.app */;
			productType = "com.apple.product-type.application";
		};
/* End PBXNativeTarget section */

/* Begin PBXProject section */
		9242A3F42C2A558500025B66 /* Project object */ = {
			isa = PBXProject;
			attributes = {
				BuildIndependentTargetsInParallel = 1;
				LastSwiftUpdateCheck = 1540;
				LastUpgradeCheck = 1540;
				TargetAttributes = {
					9242A3FB2C2A558500025B66 = {
						CreatedOnToolsVersion = 15.4;
					};
				};
			};
			buildConfigurationList = 9242A3F72C2A558500025B66 /* Build configuration list for PBXProject "WWGuides" */;
			compatibilityVersion = "Xcode 14.0";
			developmentRegion = en;
			hasScannedForEncodings = 0;
			knownRegions = (
				en,
				Base,
			);
			mainGroup = 9242A3F32C2A558500025B66;
			packageReferences = (
				9242A40F2C2A8BD700025B66 /* XCRemoteSwiftPackageReference "firebase-ios-sdk" */,
			);
			productRefGroup = 9242A3FD2C2A558500025B66 /* Products */;
			projectDirPath = "";
			projectRoot = "";
			targets = (
				9242A3FB2C2A558500025B66 /* WWGuides */,
			);
		};
/* End PBXProject section */

/* Begin PBXResourcesBuildPhase section */
		9242A3FA2C2A558500025B66 /* Resources */ = {
			isa = PBXResourcesBuildPhase;
			buildActionMask = 2147483647;
			files = (
				9242A4072C2A558700025B66 /* Preview Assets.xcassets in Resources */,
				9242A4042C2A558700025B66 /* Assets.xcassets in Resources */,
				9242A4122C2A8FE500025B66 /* GoogleService-Info.plist in Resources */,
			);
			runOnlyForDeploymentPostprocessing = 0;
		};
/* End PBXResourcesBuildPhase section */

/* Begin PBXSourcesBuildPhase section */
		9242A3F82C2A558500025B66 /* Sources */ = {
			isa = PBXSourcesBuildPhase;
			buildActionMask = 2147483647;
			files = (
				9242A4142C2A919300025B66 /* AppDelegate.swift in Sources */,
				9242A4022C2A558500025B66 /* ContentView.swift in Sources */,
				9242A4002C2A558500025B66 /* WWGuidesApp.swift in Sources */,
			);
			runOnlyForDeploymentPostprocessing = 0;
		};
/* End PBXSourcesBuildPhase section */

/* Begin XCBuildConfiguration section */
		9242A4082C2A558700025B66 /* Debug */ = {
			isa = XCBuildConfiguration;
			buildSettings = {
				ALWAYS_SEARCH_USER_PATHS = NO;
				ASSETCATALOG_COMPILER_GENERATE_SWIFT_ASSET_SYMBOL_EXTENSIONS = YES;
				CLANG_ANALYZER_NONNULL = YES;
				CLANG_ANALYZER_NUMBER_OBJECT_CONVERSION = YES_AGGRESSIVE;
				CLANG_CXX_LANGUAGE_STANDARD = "gnu++20";
				CLANG_ENABLE_MODULES = YES;
				CLANG_ENABLE_OBJC_ARC = YES;
				CLANG_ENABLE_OBJC_WEAK = YES;
				CLANG_WARN_BLOCK_CAPTURE_AUTORELEASING = YES;
				CLANG_WARN_BOOL_CONVERSION = YES;
				CLANG_WARN_COMMA = YES;
				CLANG_WARN_CONSTANT_CONVERSION = YES;
				CLANG_WARN_DEPRECATED_OBJC_IMPLEMENTATIONS = YES;
				CLANG_WARN_DIRECT_OBJC_ISA_USAGE = YES_ERROR;
				CLANG_WARN_DOCUMENTATION_COMMENTS = YES;
				CLANG_WARN_EMPTY_BODY = YES;
				CLANG_WARN_ENUM_CONVERSION = YES;
				CLANG_WARN_INFINITE_RECURSION = YES;
				CLANG_WARN_INT_CONVERSION = YES;
				CLANG_WARN_NON_LITERAL_NULL_CONVERSION = YES;
				CLANG_WARN_OBJC_IMPLICIT_RETAIN_SELF = YES;
				CLANG_WARN_OBJC_LITERAL_CONVERSION = YES;
				CLANG_WARN_OBJC_ROOT_CLASS = YES_ERROR;
				CLANG_WARN_QUOTED_INCLUDE_IN_FRAMEWORK_HEADER = YES;
				CLANG_WARN_RANGE_LOOP_ANALYSIS = YES;
				CLANG_WARN_STRICT_PROTOTYPES = YES;
				CLANG_WARN_SUSPICIOUS_MOVE = YES;
				CLANG_WARN_UNGUARDED_AVAILABILITY = YES_AGGRESSIVE;
				CLANG_WARN_UNREACHABLE_CODE = YES;
				CLANG_WARN__DUPLICATE_METHOD_MATCH = YES;
				COPY_PHASE_STRIP = NO;
				DEBUG_INFORMATION_FORMAT = dwarf;
				ENABLE_STRICT_OBJC_MSGSEND = YES;
				ENABLE_TESTABILITY = YES;
				ENABLE_USER_SCRIPT_SANDBOXING = YES;
				GCC_C_LANGUAGE_STANDARD = gnu17;
				GCC_DYNAMIC_NO_PIC = NO;
				GCC_NO_COMMON_BLOCKS = YES;
				GCC_OPTIMIZATION_LEVEL = 0;
				GCC_PREPROCESSOR_DEFINITIONS = (
					"DEBUG=1",
					"$(inherited)",
				);
				GCC_WARN_64_TO_32_BIT_CONVERSION = YES;
				GCC_WARN_ABOUT_RETURN_TYPE = YES_ERROR;
				GCC_WARN_UNDECLARED_SELECTOR = YES;
				GCC_WARN_UNINITIALIZED_AUTOS = YES_AGGRESSIVE;
				GCC_WARN_UNUSED_FUNCTION = YES;
				GCC_WARN_UNUSED_VARIABLE = YES;
				IPHONEOS_DEPLOYMENT_TARGET = 17.5;
				LOCALIZATION_PREFERS_STRING_CATALOGS = YES;
				MTL_ENABLE_DEBUG_INFO = INCLUDE_SOURCE;
				MTL_FAST_MATH = YES;
				ONLY_ACTIVE_ARCH = YES;
				SDKROOT = iphoneos;
				SWIFT_ACTIVE_COMPILATION_CONDITIONS = "DEBUG $(inherited)";
				SWIFT_OPTIMIZATION_LEVEL = "-Onone";
			};
			name = Debug;
		};
		9242A4092C2A558700025B66 /* Release */ = {
			isa = XCBuildConfiguration;
			buildSettings = {
				ALWAYS_SEARCH_USER_PATHS = NO;
				ASSETCATALOG_COMPILER_GENERATE_SWIFT_ASSET_SYMBOL_EXTENSIONS = YES;
				CLANG_ANALYZER_NONNULL = YES;
				CLANG_ANALYZER_NUMBER_OBJECT_CONVERSION = YES_AGGRESSIVE;
				CLANG_CXX_LANGUAGE_STANDARD = "gnu++20";
				CLANG_ENABLE_MODULES = YES;
				CLANG_ENABLE_OBJC_ARC = YES;
				CLANG_ENABLE_OBJC_WEAK = YES;
				CLANG_WARN_BLOCK_CAPTURE_AUTORELEASING = YES;
				CLANG_WARN_BOOL_CONVERSION = YES;
				CLANG_WARN_COMMA = YES;
				CLANG_WARN_CONSTANT_CONVERSION = YES;
				CLANG_WARN_DEPRECATED_OBJC_IMPLEMENTATIONS = YES;
				CLANG_WARN_DIRECT_OBJC_ISA_USAGE = YES_ERROR;
				CLANG_WARN_DOCUMENTATION_COMMENTS = YES;
				CLANG_WARN_EMPTY_BODY = YES;
				CLANG_WARN_ENUM_CONVERSION = YES;
				CLANG_WARN_INFINITE_RECURSION = YES;
				CLANG_WARN_INT_CONVERSION = YES;
				CLANG_WARN_NON_LITERAL_NULL_CONVERSION = YES;
				CLANG_WARN_OBJC_IMPLICIT_RETAIN_SELF = YES;
				CLANG_WARN_OBJC_LITERAL_CONVERSION = YES;
				CLANG_WARN_OBJC_ROOT_CLASS = YES_ERROR;
				CLANG_WARN_QUOTED_INCLUDE_IN_FRAMEWORK_HEADER = YES;
				CLANG_WARN_RANGE_LOOP_ANALYSIS = YES;
				CLANG_WARN_STRICT_PROTOTYPES = YES;
				CLANG_WARN_SUSPICIOUS_MOVE = YES;
				CLANG_WARN_UNGUARDED_AVAILABILITY = YES_AGGRESSIVE;
				CLANG_WARN_UNREACHABLE_CODE = YES;
				CLANG_WARN__DUPLICATE_METHOD_MATCH = YES;
				COPY_PHASE_STRIP = NO;
				DEBUG_INFORMATION_FORMAT = "dwarf-with-dsym";
				ENABLE_NS_ASSERTIONS = NO;
				ENABLE_STRICT_OBJC_MSGSEND = YES;
				ENABLE_USER_SCRIPT_SANDBOXING = YES;
				GCC_C_LANGUAGE_STANDARD = gnu17;
				GCC_NO_COMMON_BLOCKS = YES;
				GCC_WARN_64_TO_32_BIT_CONVERSION = YES;
				GCC_WARN_ABOUT_RETURN_TYPE = YES_ERROR;
				GCC_WARN_UNDECLARED_SELECTOR = YES;
				GCC_WARN_UNINITIALIZED_AUTOS = YES_AGGRESSIVE;
				GCC_WARN_UNUSED_FUNCTION = YES;
				GCC_WARN_UNUSED_VARIABLE = YES;
				IPHONEOS_DEPLOYMENT_TARGET = 17.5;
				LOCALIZATION_PREFERS_STRING_CATALOGS = YES;
				MTL_ENABLE_DEBUG_INFO = NO;
				MTL_FAST_MATH = YES;
				SDKROOT = iphoneos;
				SWIFT_COMPILATION_MODE = wholemodule;
				VALIDATE_PRODUCT = YES;
			};
			name = Release;
		};
		9242A40B2C2A558700025B66 /* Debug */ = {
			isa = XCBuildConfiguration;
			buildSettings = {
				ASSETCATALOG_COMPILER_APPICON_NAME = AppIcon;
				ASSETCATALOG_COMPILER_GLOBAL_ACCENT_COLOR_NAME = AccentColor;
				CODE_SIGN_STYLE = Automatic;
				CURRENT_PROJECT_VERSION = 1;
				DEVELOPMENT_ASSET_PATHS = "\"WWGuides/Preview Content\"";
				DEVELOPMENT_TEAM = C3Q4L42H3A;
				ENABLE_PREVIEWS = YES;
				GENERATE_INFOPLIST_FILE = YES;
				INFOPLIST_KEY_UIApplicationSceneManifest_Generation = YES;
				INFOPLIST_KEY_UIApplicationSupportsIndirectInputEvents = YES;
				INFOPLIST_KEY_UILaunchScreen_Generation = YES;
				INFOPLIST_KEY_UISupportedInterfaceOrientations_iPad = "UIInterfaceOrientationPortrait UIInterfaceOrientationPortraitUpsideDown UIInterfaceOrientationLandscapeLeft UIInterfaceOrientationLandscapeRight";
				INFOPLIST_KEY_UISupportedInterfaceOrientations_iPhone = "UIInterfaceOrientationPortrait UIInterfaceOrientationLandscapeLeft UIInterfaceOrientationLandscapeRight";
				LD_RUNPATH_SEARCH_PATHS = (
					"$(inherited)",
					"@executable_path/Frameworks",
				);
				MARKETING_VERSION = 1.0;
				PRODUCT_BUNDLE_IDENTIFIER = com.ChakyrIT.WWGuides;
				PRODUCT_NAME = "$(TARGET_NAME)";
				SWIFT_EMIT_LOC_STRINGS = YES;
				SWIFT_VERSION = 5.0;
				TARGETED_DEVICE_FAMILY = "1,2";
			};
			name = Debug;
		};
		9242A40C2C2A558700025B66 /* Release */ = {
			isa = XCBuildConfiguration;
			buildSettings = {
				ASSETCATALOG_COMPILER_APPICON_NAME = AppIcon;
				ASSETCATALOG_COMPILER_GLOBAL_ACCENT_COLOR_NAME = AccentColor;
				CODE_SIGN_STYLE = Automatic;
				CURRENT_PROJECT_VERSION = 1;
				DEVELOPMENT_ASSET_PATHS = "\"WWGuides/Preview Content\"";
				DEVELOPMENT_TEAM = C3Q4L42H3A;
				ENABLE_PREVIEWS = YES;
				GENERATE_INFOPLIST_FILE = YES;
				INFOPLIST_KEY_UIApplicationSceneManifest_Generation = YES;
				INFOPLIST_KEY_UIApplicationSupportsIndirectInputEvents = YES;
				INFOPLIST_KEY_UILaunchScreen_Generation = YES;
				INFOPLIST_KEY_UISupportedInterfaceOrientations_iPad = "UIInterfaceOrientationPortrait UIInterfaceOrientationPortraitUpsideDown UIInterfaceOrientationLandscapeLeft UIInterfaceOrientationLandscapeRight";
				INFOPLIST_KEY_UISupportedInterfaceOrientations_iPhone = "UIInterfaceOrientationPortrait UIInterfaceOrientationLandscapeLeft UIInterfaceOrientationLandscapeRight";
				LD_RUNPATH_SEARCH_PATHS = (
					"$(inherited)",
					"@executable_path/Frameworks",
				);
				MARKETING_VERSION = 1.0;
				PRODUCT_BUNDLE_IDENTIFIER = com.ChakyrIT.WWGuides;
				PRODUCT_NAME = "$(TARGET_NAME)";
				SWIFT_EMIT_LOC_STRINGS = YES;
				SWIFT_VERSION = 5.0;
				TARGETED_DEVICE_FAMILY = "1,2";
			};
			name = Release;
		};
/* End XCBuildConfiguration section */

/* Begin XCConfigurationList section */
		9242A3F72C2A558500025B66 /* Build configuration list for PBXProject "WWGuides" */ = {
			isa = XCConfigurationList;
			buildConfigurations = (
				9242A4082C2A558700025B66 /* Debug */,
				9242A4092C2A558700025B66 /* Release */,
			);
			defaultConfigurationIsVisible = 0;
			defaultConfigurationName = Release;
		};
		9242A40A2C2A558700025B66 /* Build configuration list for PBXNativeTarget "WWGuides" */ = {
			isa = XCConfigurationList;
			buildConfigurations = (
				9242A40B2C2A558700025B66 /* Debug */,
				9242A40C2C2A558700025B66 /* Release */,
			);
			defaultConfigurationIsVisible = 0;
			defaultConfigurationName = Release;
		};
/* End XCConfigurationList section */

/* Begin XCRemoteSwiftPackageReference section */
		9242A40F2C2A8BD700025B66 /* XCRemoteSwiftPackageReference "firebase-ios-sdk" */ = {
			isa = XCRemoteSwiftPackageReference;
			repositoryURL = "https://github.com/firebase/firebase-ios-sdk";
			requirement = {
				kind = upToNextMajorVersion;
				minimumVersion = 10.28.1;
			};
		};
/* End XCRemoteSwiftPackageReference section */

/* Begin XCSwiftPackageProductDependency section */
		9242A4162C2A927F00025B66 /* FirebaseAnalytics */ = {
			isa = XCSwiftPackageProductDependency;
			package = 9242A40F2C2A8BD700025B66 /* XCRemoteSwiftPackageReference "firebase-ios-sdk" */;
			productName = FirebaseAnalytics;
		};
		9242A4182C2A927F00025B66 /* FirebaseAnalyticsOnDeviceConversion */ = {
			isa = XCSwiftPackageProductDependency;
			package = 9242A40F2C2A8BD700025B66 /* XCRemoteSwiftPackageReference "firebase-ios-sdk" */;
			productName = FirebaseAnalyticsOnDeviceConversion;
		};
		9242A41A2C2A927F00025B66 /* FirebaseAnalyticsSwift */ = {
			isa = XCSwiftPackageProductDependency;
			package = 9242A40F2C2A8BD700025B66 /* XCRemoteSwiftPackageReference "firebase-ios-sdk" */;
			productName = FirebaseAnalyticsSwift;
		};
		9242A41C2C2A927F00025B66 /* FirebaseAnalyticsWithoutAdIdSupport */ = {
			isa = XCSwiftPackageProductDependency;
			package = 9242A40F2C2A8BD700025B66 /* XCRemoteSwiftPackageReference "firebase-ios-sdk" */;
			productName = FirebaseAnalyticsWithoutAdIdSupport;
		};
		9242A41E2C2A927F00025B66 /* FirebaseAppCheck */ = {
			isa = XCSwiftPackageProductDependency;
			package = 9242A40F2C2A8BD700025B66 /* XCRemoteSwiftPackageReference "firebase-ios-sdk" */;
			productName = FirebaseAppCheck;
		};
		9242A4202C2A927F00025B66 /* FirebaseAppDistribution-Beta */ = {
			isa = XCSwiftPackageProductDependency;
			package = 9242A40F2C2A8BD700025B66 /* XCRemoteSwiftPackageReference "firebase-ios-sdk" */;
			productName = "FirebaseAppDistribution-Beta";
		};
		9242A4222C2A927F00025B66 /* FirebaseAuth */ = {
			isa = XCSwiftPackageProductDependency;
			package = 9242A40F2C2A8BD700025B66 /* XCRemoteSwiftPackageReference "firebase-ios-sdk" */;
			productName = FirebaseAuth;
		};
		9242A4242C2A927F00025B66 /* FirebaseAuthCombine-Community */ = {
			isa = XCSwiftPackageProductDependency;
			package = 9242A40F2C2A8BD700025B66 /* XCRemoteSwiftPackageReference "firebase-ios-sdk" */;
			productName = "FirebaseAuthCombine-Community";
		};
		9242A4262C2A927F00025B66 /* FirebaseCrashlytics */ = {
			isa = XCSwiftPackageProductDependency;
			package = 9242A40F2C2A8BD700025B66 /* XCRemoteSwiftPackageReference "firebase-ios-sdk" */;
			productName = FirebaseCrashlytics;
		};
		9242A4282C2A927F00025B66 /* FirebaseDatabase */ = {
			isa = XCSwiftPackageProductDependency;
			package = 9242A40F2C2A8BD700025B66 /* XCRemoteSwiftPackageReference "firebase-ios-sdk" */;
			productName = FirebaseDatabase;
		};
		9242A42A2C2A927F00025B66 /* FirebaseDatabaseSwift */ = {
			isa = XCSwiftPackageProductDependency;
			package = 9242A40F2C2A8BD700025B66 /* XCRemoteSwiftPackageReference "firebase-ios-sdk" */;
			productName = FirebaseDatabaseSwift;
		};
		9242A42C2C2A927F00025B66 /* FirebaseDynamicLinks */ = {
			isa = XCSwiftPackageProductDependency;
			package = 9242A40F2C2A8BD700025B66 /* XCRemoteSwiftPackageReference "firebase-ios-sdk" */;
			productName = FirebaseDynamicLinks;
		};
		9242A42E2C2A927F00025B66 /* FirebaseFirestore */ = {
			isa = XCSwiftPackageProductDependency;
			package = 9242A40F2C2A8BD700025B66 /* XCRemoteSwiftPackageReference "firebase-ios-sdk" */;
			productName = FirebaseFirestore;
		};
		9242A4302C2A927F00025B66 /* FirebaseFirestoreCombine-Community */ = {
			isa = XCSwiftPackageProductDependency;
			package = 9242A40F2C2A8BD700025B66 /* XCRemoteSwiftPackageReference "firebase-ios-sdk" */;
			productName = "FirebaseFirestoreCombine-Community";
		};
		9242A4322C2A927F00025B66 /* FirebaseFirestoreSwift */ = {
			isa = XCSwiftPackageProductDependency;
			package = 9242A40F2C2A8BD700025B66 /* XCRemoteSwiftPackageReference "firebase-ios-sdk" */;
			productName = FirebaseFirestoreSwift;
		};
		9242A4342C2A927F00025B66 /* FirebaseFunctions */ = {
			isa = XCSwiftPackageProductDependency;
			package = 9242A40F2C2A8BD700025B66 /* XCRemoteSwiftPackageReference "firebase-ios-sdk" */;
			productName = FirebaseFunctions;
		};
		9242A4362C2A927F00025B66 /* FirebaseFunctionsCombine-Community */ = {
			isa = XCSwiftPackageProductDependency;
			package = 9242A40F2C2A8BD700025B66 /* XCRemoteSwiftPackageReference "firebase-ios-sdk" */;
			productName = "FirebaseFunctionsCombine-Community";
		};
		9242A4382C2A927F00025B66 /* FirebaseInAppMessaging-Beta */ = {
			isa = XCSwiftPackageProductDependency;
			package = 9242A40F2C2A8BD700025B66 /* XCRemoteSwiftPackageReference "firebase-ios-sdk" */;
			productName = "FirebaseInAppMessaging-Beta";
		};
		9242A43A2C2A927F00025B66 /* FirebaseInAppMessagingSwift-Beta */ = {
			isa = XCSwiftPackageProductDependency;
			package = 9242A40F2C2A8BD700025B66 /* XCRemoteSwiftPackageReference "firebase-ios-sdk" */;
			productName = "FirebaseInAppMessagingSwift-Beta";
		};
		9242A43C2C2A927F00025B66 /* FirebaseInstallations */ = {
			isa = XCSwiftPackageProductDependency;
			package = 9242A40F2C2A8BD700025B66 /* XCRemoteSwiftPackageReference "firebase-ios-sdk" */;
			productName = FirebaseInstallations;
		};
		9242A43E2C2A927F00025B66 /* FirebaseMessaging */ = {
			isa = XCSwiftPackageProductDependency;
			package = 9242A40F2C2A8BD700025B66 /* XCRemoteSwiftPackageReference "firebase-ios-sdk" */;
			productName = FirebaseMessaging;
		};
		9242A4402C2A927F00025B66 /* FirebaseMLModelDownloader */ = {
			isa = XCSwiftPackageProductDependency;
			package = 9242A40F2C2A8BD700025B66 /* XCRemoteSwiftPackageReference "firebase-ios-sdk" */;
			productName = FirebaseMLModelDownloader;
		};
		9242A4422C2A927F00025B66 /* FirebasePerformance */ = {
			isa = XCSwiftPackageProductDependency;
			package = 9242A40F2C2A8BD700025B66 /* XCRemoteSwiftPackageReference "firebase-ios-sdk" */;
			productName = FirebasePerformance;
		};
		9242A4442C2A927F00025B66 /* FirebaseRemoteConfig */ = {
			isa = XCSwiftPackageProductDependency;
			package = 9242A40F2C2A8BD700025B66 /* XCRemoteSwiftPackageReference "firebase-ios-sdk" */;
			productName = FirebaseRemoteConfig;
		};
		9242A4462C2A927F00025B66 /* FirebaseRemoteConfigSwift */ = {
			isa = XCSwiftPackageProductDependency;
			package = 9242A40F2C2A8BD700025B66 /* XCRemoteSwiftPackageReference "firebase-ios-sdk" */;
			productName = FirebaseRemoteConfigSwift;
		};
		9242A4482C2A927F00025B66 /* FirebaseStorage */ = {
			isa = XCSwiftPackageProductDependency;
			package = 9242A40F2C2A8BD700025B66 /* XCRemoteSwiftPackageReference "firebase-ios-sdk" */;
			productName = FirebaseStorage;
		};
		9242A44A2C2A927F00025B66 /* FirebaseStorageCombine-Community */ = {
			isa = XCSwiftPackageProductDependency;
			package = 9242A40F2C2A8BD700025B66 /* XCRemoteSwiftPackageReference "firebase-ios-sdk" */;
			productName = "FirebaseStorageCombine-Community";
		};
		9242A44C2C2A927F00025B66 /* FirebaseVertexAI-Preview */ = {
			isa = XCSwiftPackageProductDependency;
			package = 9242A40F2C2A8BD700025B66 /* XCRemoteSwiftPackageReference "firebase-ios-sdk" */;
			productName = "FirebaseVertexAI-Preview";
		};
/* End XCSwiftPackageProductDependency section */
	};
	rootObject = 9242A3F42C2A558500025B66 /* Project object */;
}
